<Solution>
  <Folder Name="/src/">
    <Project Path="src/Flawright/Flawright.csproj" />
    <Project Path="src/Flawright.Reqnroll/Flawright.Reqnroll.csproj" />
  </Folder>
  <Folder Name="/tests/">
    <Project Path="tests/Flawright.E2ETests/Flawright.E2ETests.csproj" />
    <Project Path="tests/Flawright.UnitTests/Flawright.UnitTests.csproj" />
  </Folder>
  <Folder Name="/samples/">
    <Project Path="samples/Flawright.Reqnroll.NotepadDemo/Flawright.Reqnroll.NotepadDemo.csproj" />
    <Project Path="samples/Flawright.Reqnroll.CalculatorDemo/Flawright.Reqnroll.CalculatorDemo.csproj" />
  </Folder>
</Solution>
